
Microsoft Visual Studio Solution File, Format Version 12.00
# Visual Studio Version 17
VisualStudioVersion = 17.2.32630.192
MinimumVisualStudioVersion = 10.0.40219.1
Project("{FAE04EC0-301F-11D3-BF4B-00C04F79EFBC}") = "CToDo", "CToDo.csproj", "{2D40D184-540F-4F2B-A075-343DAED2D704}"
EndProject
Global
	GlobalSection(SolutionConfigurationPlatforms) = preSolution
		Debug|Any CPU = Debug|Any CPU
		Release|Any CPU = Release|Any CPU
	EndGlobalSection
	GlobalSection(ProjectConfigurationPlatforms) = postSolution
		{2D40D184-540F-4F2B-A075-343DAED2D704}.Debug|Any CPU.ActiveCfg = Debug|Any CPU
		{2D40D184-540F-4F2B-A075-343DAED2D704}.Debug|Any CPU.Build.0 = Debug|Any CPU
		{2D40D184-540F-4F2B-A075-343DAED2D704}.Release|Any CPU.ActiveCfg = Release|Any CPU
		{2D40D184-540F-4F2B-A075-343DAED2D704}.Release|Any CPU.Build.0 = Release|Any CPU
	EndGlobalSection
	GlobalSection(SolutionProperties) = preSolution
		HideSolutionNode = FALSE
	EndGlobalSection
	GlobalSection(ExtensibilityGlobals) = postSolution
		SolutionGuid = {343842D6-9F16-4FA2-BAEE-1810FE9C7BA8}
	EndGlobalSection
EndGlobal
